
Microsoft Visual Studio Solution File, Format Version 12.00
# Visual Studio Version 16
VisualStudioVersion = 16.0.28729.10
MinimumVisualStudioVersion = 10.0.40219.1
Project("{9A19103F-16F7-4668-BE54-9A1E7A4F7556}") = "Pwned.AspNetCore", "src\Pwned.AspNetCore\Pwned.AspNetCore.csproj", "{6441DAA3-987D-40E3-8575-F427055A3DFC}"
EndProject
Project("{9A19103F-16F7-4668-BE54-9A1E7A4F7556}") = "Pwned.Web", "src\Pwned.Web\Pwned.Web.csproj", "{84A9E12C-A8F0-49F1-83C5-630BFAD3AFC8}"
EndProject
Project("{2150E333-8FDC-42A3-9474-1A3956D46DE8}") = "src", "src", "{7DD90E8D-B1F5-4521-AC00-9B56132648FA}"
EndProject
Project("{2150E333-8FDC-42A3-9474-1A3956D46DE8}") = "build", "build", "{67C154DF-621A-43B6-80C1-A762ED6A871B}"
	ProjectSection(SolutionItems) = preProject
		build\dependencies.props = build\dependencies.props
		build\settings.props = build\settings.props
		build\sources.props = build\sources.props
	EndProjectSection
EndProject
Project("{2150E333-8FDC-42A3-9474-1A3956D46DE8}") = "Solution Items", "Solution Items", "{D809B21E-D7F4-4AEC-B7DA-B298CF9E3789}"
	ProjectSection(SolutionItems) = preProject
		.editorconfig = .editorconfig
		.gitignore = .gitignore
		appveyor.yml = appveyor.yml
		Directory.Build.props = Directory.Build.props
		Directory.Build.targets = Directory.Build.targets
		LICENSE = LICENSE
		README.md = README.md
	EndProjectSection
EndProject
Project("{E53339B2-1760-4266-BCC7-CA923CBCF16C}") = "docker-compose", "docker-compose.dcproj", "{03FE4951-BBA5-4DA8-AC3B-4F7CA0FA113C}"
EndProject
Global
	GlobalSection(SolutionConfigurationPlatforms) = preSolution
		Debug|Any CPU = Debug|Any CPU
		Release|Any CPU = Release|Any CPU
	EndGlobalSection
	GlobalSection(ProjectConfigurationPlatforms) = postSolution
		{6441DAA3-987D-40E3-8575-F427055A3DFC}.Debug|Any CPU.ActiveCfg = Debug|Any CPU
		{6441DAA3-987D-40E3-8575-F427055A3DFC}.Debug|Any CPU.Build.0 = Debug|Any CPU
		{6441DAA3-987D-40E3-8575-F427055A3DFC}.Release|Any CPU.ActiveCfg = Release|Any CPU
		{6441DAA3-987D-40E3-8575-F427055A3DFC}.Release|Any CPU.Build.0 = Release|Any CPU
		{84A9E12C-A8F0-49F1-83C5-630BFAD3AFC8}.Debug|Any CPU.ActiveCfg = Debug|Any CPU
		{84A9E12C-A8F0-49F1-83C5-630BFAD3AFC8}.Debug|Any CPU.Build.0 = Debug|Any CPU
		{84A9E12C-A8F0-49F1-83C5-630BFAD3AFC8}.Release|Any CPU.ActiveCfg = Release|Any CPU
		{84A9E12C-A8F0-49F1-83C5-630BFAD3AFC8}.Release|Any CPU.Build.0 = Release|Any CPU
		{03FE4951-BBA5-4DA8-AC3B-4F7CA0FA113C}.Debug|Any CPU.ActiveCfg = Debug|Any CPU
		{03FE4951-BBA5-4DA8-AC3B-4F7CA0FA113C}.Debug|Any CPU.Build.0 = Debug|Any CPU
		{03FE4951-BBA5-4DA8-AC3B-4F7CA0FA113C}.Release|Any CPU.ActiveCfg = Release|Any CPU
		{03FE4951-BBA5-4DA8-AC3B-4F7CA0FA113C}.Release|Any CPU.Build.0 = Release|Any CPU
	EndGlobalSection
	GlobalSection(SolutionProperties) = preSolution
		HideSolutionNode = FALSE
	EndGlobalSection
	GlobalSection(NestedProjects) = preSolution
		{6441DAA3-987D-40E3-8575-F427055A3DFC} = {7DD90E8D-B1F5-4521-AC00-9B56132648FA}
		{84A9E12C-A8F0-49F1-83C5-630BFAD3AFC8} = {7DD90E8D-B1F5-4521-AC00-9B56132648FA}
	EndGlobalSection
	GlobalSection(ExtensibilityGlobals) = postSolution
		SolutionGuid = {18D789A0-1C60-4E69-921E-7F67F95B723C}
	EndGlobalSection
EndGlobal
